{
  "version": 4,
  "terraform_version": "0.13.0",
  "serial": 380,
  "lineage": "622d2731-c1ea-22be-d887-dd9cab04a099",
  "outputs": {},
  "resources": [
    {
      "module": "module.myazure_francecentral",
      "mode": "data",
      "type": "azurerm_public_ip",
      "name": "mariadb_client",
      "provider": "provider[\"registry.terraform.io/hashicorp/azurerm\"]",
      "instances": [
        {
          "index_key": 0,
          "schema_version": 0,
          "attributes": {
            "allocation_method": "Static",
            "domain_name_label": "",
            "fqdn": "",
            "id": "/subscriptions/b5384b90-ddf7-4224-a01f-e032de7869ae/resourceGroups/resource_group_francecentral/providers/Microsoft.Network/publicIPAddresses/mariadb_client0-francecentral-ip",
            "idle_timeout_in_minutes": 30,
            "ip_address": "40.89.159.55",
            "ip_version": "IPv4",
            "location": "francecentral",
            "name": "mariadb_client0-francecentral-ip",
            "resource_group_name": "resource_group_francecentral",
            "reverse_fqdn": "",
            "sku": "Basic",
            "tags": {},
            "timeouts": null,
            "zones": []
          }
        }
      ]
    },
    {
      "module": "module.myazure_westeurope",
      "mode": "data",
      "type": "azurerm_public_ip",
      "name": "mariadb_client",
      "provider": "provider[\"registry.terraform.io/hashicorp/azurerm\"]",
      "instances": [
        {
          "index_key": 0,
          "schema_version": 0,
          "attributes": {
            "allocation_method": "Static",
            "domain_name_label": "",
            "fqdn": "",
            "id": "/subscriptions/b5384b90-ddf7-4224-a01f-e032de7869ae/resourceGroups/resource_group_westeurope/providers/Microsoft.Network/publicIPAddresses/mariadb_client0-westeurope-ip",
            "idle_timeout_in_minutes": 30,
            "ip_address": "13.93.44.38",
            "ip_version": "IPv4",
            "location": "westeurope",
            "name": "mariadb_client0-westeurope-ip",
            "resource_group_name": "resource_group_westeurope",
            "reverse_fqdn": "",
            "sku": "Basic",
            "tags": {},
            "timeouts": null,
            "zones": []
          }
        }
      ]
    },
    {
      "module": "module.myazure_northeurope",
      "mode": "data",
      "type": "azurerm_public_ip",
      "name": "mariadb_client",
      "provider": "provider[\"registry.terraform.io/hashicorp/azurerm\"]",
      "instances": [
        {
          "index_key": 0,
          "schema_version": 0,
          "attributes": {
            "allocation_method": "Static",
            "domain_name_label": "",
            "fqdn": "",
            "id": "/subscriptions/b5384b90-ddf7-4224-a01f-e032de7869ae/resourceGroups/resource_group_northeurope/providers/Microsoft.Network/publicIPAddresses/mariadb_client0-northeurope-ip",
            "idle_timeout_in_minutes": 30,
            "ip_address": "40.115.118.150",
            "ip_version": "IPv4",
            "location": "northeurope",
            "name": "mariadb_client0-northeurope-ip",
            "resource_group_name": "resource_group_northeurope",
            "reverse_fqdn": "",
            "sku": "Basic",
            "tags": {},
            "timeouts": null,
            "zones": []
          }
        }
      ]
    },
    {
      "module": "module.myazure_francecentral",
      "mode": "managed",
      "type": "azurerm_linux_virtual_machine",
      "name": "mariadb_client",
      "provider": "provider[\"registry.terraform.io/hashicorp/azurerm\"]",
      "instances": [
        {
          "index_key": 0,
          "schema_version": 0,
          "attributes": {
            "additional_capabilities": [],
            "admin_password": null,
            "admin_ssh_key": [
              {
                "public_key": "ssh-rsa AAAAB3NzaC1yc2EAAAADAQABAAABAQD0s9U48MM3si7kQ+Rlp7CSuXmsn8GgaFr/WyVCeaXWEE3RZAQtyhflsFY8rr7KLuw97WG2zK4Iy5Kbj41KairfQ2qHbDY1P/jY19hT5fYOgxvXQF8/EgyuPCZyaPwHxmlCFOiDrEC0tQ6pyvDJtyKfpeOvM5D/bRZTXZTK6wqv3OzgLwJGtk97UWTBYrlZ0qHBlVko9Tf7SuohownodZtsSXykWIJlyV6fdhnS3/er2ueQcSoxxk3Lx4hanJPI37/oytTroeCalwef4iiebylfzM2o2Gh7wmYRPaApbfdaLNfCLVuZ1McrVWA8V6dGq5Q0Kc/8R/4lddSwqRu8TYtv epitech@Testarossa\n",
                "username": "epitech"
              }
            ],
            "admin_username": "epitech",
            "allow_extension_operations": true,
            "availability_set_id": "",
            "boot_diagnostics": [],
            "computer_name": "mariadb-client0-francecentral-cloud",
            "custom_data": null,
            "dedicated_host_id": "",
            "disable_password_authentication": true,
            "eviction_policy": "",
            "id": "/subscriptions/b5384b90-ddf7-4224-a01f-e032de7869ae/resourceGroups/resource_group_francecentral/providers/Microsoft.Compute/virtualMachines/mariadb-client0-francecentral-cloud",
            "identity": [],
            "location": "francecentral",
            "max_bid_price": -1,
            "name": "mariadb-client0-francecentral-cloud",
            "network_interface_ids": [
              "/subscriptions/b5384b90-ddf7-4224-a01f-e032de7869ae/resourceGroups/resource_group_francecentral/providers/Microsoft.Network/networkInterfaces/mariadb_client0-francecentral-nic"
            ],
            "os_disk": [
              {
                "caching": "ReadWrite",
                "diff_disk_settings": [],
                "disk_encryption_set_id": "",
                "disk_size_gb": 30,
                "name": "mariadb-client0-francecentral-cloud_OsDisk_1_53840aabf200464b95e5a908683c2a93",
                "storage_account_type": "Standard_LRS",
                "write_accelerator_enabled": false
              }
            ],
            "plan": [],
            "priority": "Regular",
            "private_ip_address": "10.0.2.4",
            "private_ip_addresses": [
              "10.0.2.4"
            ],
            "provision_vm_agent": true,
            "proximity_placement_group_id": "",
            "public_ip_address": "40.89.159.55",
            "public_ip_addresses": [
              "40.89.159.55"
            ],
            "resource_group_name": "resource_group_francecentral",
            "secret": [],
            "size": "Standard_B1ms",
            "source_image_id": "",
            "source_image_reference": [
              {
                "offer": "CentOS",
                "publisher": "OpenLogic",
                "sku": "7.6",
                "version": "latest"
              }
            ],
            "tags": null,
            "timeouts": null,
            "virtual_machine_id": "1288178c-9286-4763-bba6-95783b94f51d",
            "virtual_machine_scale_set_id": "",
            "zone": ""
          },
          "private": "eyJlMmJmYjczMC1lY2FhLTExZTYtOGY4OC0zNDM2M2JjN2M0YzAiOnsiY3JlYXRlIjoyNzAwMDAwMDAwMDAwLCJkZWxldGUiOjI3MDAwMDAwMDAwMDAsInJlYWQiOjMwMDAwMDAwMDAwMCwidXBkYXRlIjoyNzAwMDAwMDAwMDAwfX0=",
          "dependencies": [
            "module.myazure_francecentral.azurerm_network_interface.mariadb_client",
            "module.myazure_francecentral.azurerm_public_ip.mariadb_client",
            "module.myazure_francecentral.azurerm_resource_group.mariadb_client",
            "module.myazure_francecentral.azurerm_subnet.mariadb_client",
            "module.myazure_francecentral.azurerm_virtual_network.mariadb_client"
          ]
        }
      ]
    },
    {
      "module": "module.myazure_westeurope",
      "mode": "managed",
      "type": "azurerm_linux_virtual_machine",
      "name": "mariadb_client",
      "provider": "provider[\"registry.terraform.io/hashicorp/azurerm\"]",
      "instances": [
        {
          "index_key": 0,
          "schema_version": 0,
          "attributes": {
            "additional_capabilities": [],
            "admin_password": null,
            "admin_ssh_key": [
              {
                "public_key": "ssh-rsa AAAAB3NzaC1yc2EAAAADAQABAAABAQD0s9U48MM3si7kQ+Rlp7CSuXmsn8GgaFr/WyVCeaXWEE3RZAQtyhflsFY8rr7KLuw97WG2zK4Iy5Kbj41KairfQ2qHbDY1P/jY19hT5fYOgxvXQF8/EgyuPCZyaPwHxmlCFOiDrEC0tQ6pyvDJtyKfpeOvM5D/bRZTXZTK6wqv3OzgLwJGtk97UWTBYrlZ0qHBlVko9Tf7SuohownodZtsSXykWIJlyV6fdhnS3/er2ueQcSoxxk3Lx4hanJPI37/oytTroeCalwef4iiebylfzM2o2Gh7wmYRPaApbfdaLNfCLVuZ1McrVWA8V6dGq5Q0Kc/8R/4lddSwqRu8TYtv epitech@Testarossa\n",
                "username": "epitech"
              }
            ],
            "admin_username": "epitech",
            "allow_extension_operations": true,
            "availability_set_id": "",
            "boot_diagnostics": [],
            "computer_name": "mariadb-client0-westeurope-cloud",
            "custom_data": null,
            "dedicated_host_id": "",
            "disable_password_authentication": true,
            "eviction_policy": "",
            "id": "/subscriptions/b5384b90-ddf7-4224-a01f-e032de7869ae/resourceGroups/resource_group_westeurope/providers/Microsoft.Compute/virtualMachines/mariadb-client0-westeurope-cloud",
            "identity": [],
            "location": "westeurope",
            "max_bid_price": -1,
            "name": "mariadb-client0-westeurope-cloud",
            "network_interface_ids": [
              "/subscriptions/b5384b90-ddf7-4224-a01f-e032de7869ae/resourceGroups/resource_group_westeurope/providers/Microsoft.Network/networkInterfaces/mariadb_client0-westeurope-nic"
            ],
            "os_disk": [
              {
                "caching": "ReadWrite",
                "diff_disk_settings": [],
                "disk_encryption_set_id": "",
                "disk_size_gb": 30,
                "name": "mariadb-client0-westeurope-cloud_OsDisk_1_968e2c8f88364c47a80a6d2455f00d50",
                "storage_account_type": "Standard_LRS",
                "write_accelerator_enabled": false
              }
            ],
            "plan": [],
            "priority": "Regular",
            "private_ip_address": "10.0.2.4",
            "private_ip_addresses": [
              "10.0.2.4"
            ],
            "provision_vm_agent": true,
            "proximity_placement_group_id": "",
            "public_ip_address": "13.93.44.38",
            "public_ip_addresses": [
              "13.93.44.38"
            ],
            "resource_group_name": "resource_group_westeurope",
            "secret": [],
            "size": "Standard_B1ms",
            "source_image_id": "",
            "source_image_reference": [
              {
                "offer": "CentOS",
                "publisher": "OpenLogic",
                "sku": "7.6",
                "version": "latest"
              }
            ],
            "tags": null,
            "timeouts": null,
            "virtual_machine_id": "67911fd2-3548-43a1-b4c8-a3e3764237ac",
            "virtual_machine_scale_set_id": "",
            "zone": ""
          },
          "private": "eyJlMmJmYjczMC1lY2FhLTExZTYtOGY4OC0zNDM2M2JjN2M0YzAiOnsiY3JlYXRlIjoyNzAwMDAwMDAwMDAwLCJkZWxldGUiOjI3MDAwMDAwMDAwMDAsInJlYWQiOjMwMDAwMDAwMDAwMCwidXBkYXRlIjoyNzAwMDAwMDAwMDAwfX0=",
          "dependencies": [
            "module.myazure_westeurope.azurerm_network_interface.mariadb_client",
            "module.myazure_westeurope.azurerm_public_ip.mariadb_client",
            "module.myazure_westeurope.azurerm_resource_group.mariadb_client",
            "module.myazure_westeurope.azurerm_subnet.mariadb_client",
            "module.myazure_westeurope.azurerm_virtual_network.mariadb_client"
          ]
        }
      ]
    },
    {
      "module": "module.myazure_northeurope",
      "mode": "managed",
      "type": "azurerm_linux_virtual_machine",
      "name": "mariadb_client",
      "provider": "provider[\"registry.terraform.io/hashicorp/azurerm\"]",
      "instances": [
        {
          "index_key": 0,
          "schema_version": 0,
          "attributes": {
            "additional_capabilities": [],
            "admin_password": null,
            "admin_ssh_key": [
              {
                "public_key": "ssh-rsa AAAAB3NzaC1yc2EAAAADAQABAAABAQD0s9U48MM3si7kQ+Rlp7CSuXmsn8GgaFr/WyVCeaXWEE3RZAQtyhflsFY8rr7KLuw97WG2zK4Iy5Kbj41KairfQ2qHbDY1P/jY19hT5fYOgxvXQF8/EgyuPCZyaPwHxmlCFOiDrEC0tQ6pyvDJtyKfpeOvM5D/bRZTXZTK6wqv3OzgLwJGtk97UWTBYrlZ0qHBlVko9Tf7SuohownodZtsSXykWIJlyV6fdhnS3/er2ueQcSoxxk3Lx4hanJPI37/oytTroeCalwef4iiebylfzM2o2Gh7wmYRPaApbfdaLNfCLVuZ1McrVWA8V6dGq5Q0Kc/8R/4lddSwqRu8TYtv epitech@Testarossa\n",
                "username": "epitech"
              }
            ],
            "admin_username": "epitech",
            "allow_extension_operations": true,
            "availability_set_id": "",
            "boot_diagnostics": [],
            "computer_name": "mariadb-client0-northeurope-cloud",
            "custom_data": null,
            "dedicated_host_id": "",
            "disable_password_authentication": true,
            "eviction_policy": "",
            "id": "/subscriptions/b5384b90-ddf7-4224-a01f-e032de7869ae/resourceGroups/resource_group_northeurope/providers/Microsoft.Compute/virtualMachines/mariadb-client0-northeurope-cloud",
            "identity": [],
            "location": "northeurope",
            "max_bid_price": -1,
            "name": "mariadb-client0-northeurope-cloud",
            "network_interface_ids": [
              "/subscriptions/b5384b90-ddf7-4224-a01f-e032de7869ae/resourceGroups/resource_group_northeurope/providers/Microsoft.Network/networkInterfaces/mariadb_client0-northeurope-nic"
            ],
            "os_disk": [
              {
                "caching": "ReadWrite",
                "diff_disk_settings": [],
                "disk_encryption_set_id": "",
                "disk_size_gb": 30,
                "name": "mariadb-client0-northeurope-cloud_OsDisk_1_6b116f9cb0014d57aad056b9514f8850",
                "storage_account_type": "Standard_LRS",
                "write_accelerator_enabled": false
              }
            ],
            "plan": [],
            "priority": "Regular",
            "private_ip_address": "10.0.2.4",
            "private_ip_addresses": [
              "10.0.2.4"
            ],
            "provision_vm_agent": true,
            "proximity_placement_group_id": "",
            "public_ip_address": "40.115.118.150",
            "public_ip_addresses": [
              "40.115.118.150"
            ],
            "resource_group_name": "resource_group_northeurope",
            "secret": [],
            "size": "Standard_B1ms",
            "source_image_id": "",
            "source_image_reference": [
              {
                "offer": "CentOS",
                "publisher": "OpenLogic",
                "sku": "7.6",
                "version": "latest"
              }
            ],
            "tags": null,
            "timeouts": null,
            "virtual_machine_id": "bbddc75e-cec1-408c-80f5-ff1c31b78e2a",
            "virtual_machine_scale_set_id": "",
            "zone": ""
          },
          "private": "eyJlMmJmYjczMC1lY2FhLTExZTYtOGY4OC0zNDM2M2JjN2M0YzAiOnsiY3JlYXRlIjoyNzAwMDAwMDAwMDAwLCJkZWxldGUiOjI3MDAwMDAwMDAwMDAsInJlYWQiOjMwMDAwMDAwMDAwMCwidXBkYXRlIjoyNzAwMDAwMDAwMDAwfX0=",
          "dependencies": [
            "module.myazure_northeurope.azurerm_network_interface.mariadb_client",
            "module.myazure_northeurope.azurerm_public_ip.mariadb_client",
            "module.myazure_northeurope.azurerm_resource_group.mariadb_client",
            "module.myazure_northeurope.azurerm_subnet.mariadb_client",
            "module.myazure_northeurope.azurerm_virtual_network.mariadb_client"
          ]
        }
      ]
    },
    {
      "module": "module.myazure_francecentral",
      "mode": "managed",
      "type": "azurerm_network_interface",
      "name": "mariadb_client",
      "provider": "provider[\"registry.terraform.io/hashicorp/azurerm\"]",
      "instances": [
        {
          "index_key": 0,
          "schema_version": 0,
          "attributes": {
            "applied_dns_servers": [],
            "dns_servers": [],
            "enable_accelerated_networking": false,
            "enable_ip_forwarding": false,
            "id": "/subscriptions/b5384b90-ddf7-4224-a01f-e032de7869ae/resourceGroups/resource_group_francecentral/providers/Microsoft.Network/networkInterfaces/mariadb_client0-francecentral-nic",
            "internal_dns_name_label": "",
            "internal_domain_name_suffix": "rpdhf3v42xiedbfkyf3sdg0cyc.parx.internal.cloudapp.net",
            "ip_configuration": [
              {
                "name": "internal-francecentral",
                "primary": true,
                "private_ip_address": "10.0.2.4",
                "private_ip_address_allocation": "Dynamic",
                "private_ip_address_version": "IPv4",
                "public_ip_address_id": "/subscriptions/b5384b90-ddf7-4224-a01f-e032de7869ae/resourceGroups/resource_group_francecentral/providers/Microsoft.Network/publicIPAddresses/mariadb_client0-francecentral-ip",
                "subnet_id": "/subscriptions/b5384b90-ddf7-4224-a01f-e032de7869ae/resourceGroups/resource_group_francecentral/providers/Microsoft.Network/virtualNetworks/mariadb_client-francecentral-network/subnets/internal-francecentral"
              }
            ],
            "location": "francecentral",
            "mac_address": "",
            "name": "mariadb_client0-francecentral-nic",
            "private_ip_address": "10.0.2.4",
            "private_ip_addresses": [
              "10.0.2.4"
            ],
            "resource_group_name": "resource_group_francecentral",
            "tags": null,
            "timeouts": null,
            "virtual_machine_id": ""
          },
          "private": "eyJlMmJmYjczMC1lY2FhLTExZTYtOGY4OC0zNDM2M2JjN2M0YzAiOnsiY3JlYXRlIjoxODAwMDAwMDAwMDAwLCJkZWxldGUiOjE4MDAwMDAwMDAwMDAsInJlYWQiOjMwMDAwMDAwMDAwMCwidXBkYXRlIjoxODAwMDAwMDAwMDAwfX0=",
          "dependencies": [
            "module.myazure_francecentral.azurerm_public_ip.mariadb_client",
            "module.myazure_francecentral.azurerm_resource_group.mariadb_client",
            "module.myazure_francecentral.azurerm_subnet.mariadb_client",
            "module.myazure_francecentral.azurerm_virtual_network.mariadb_client"
          ]
        }
      ]
    },
    {
      "module": "module.myazure_westeurope",
      "mode": "managed",
      "type": "azurerm_network_interface",
      "name": "mariadb_client",
      "provider": "provider[\"registry.terraform.io/hashicorp/azurerm\"]",
      "instances": [
        {
          "index_key": 0,
          "schema_version": 0,
          "attributes": {
            "applied_dns_servers": [],
            "dns_servers": [],
            "enable_accelerated_networking": false,
            "enable_ip_forwarding": false,
            "id": "/subscriptions/b5384b90-ddf7-4224-a01f-e032de7869ae/resourceGroups/resource_group_westeurope/providers/Microsoft.Network/networkInterfaces/mariadb_client0-westeurope-nic",
            "internal_dns_name_label": "",
            "internal_domain_name_suffix": "3grj13s2oiludjx5r5hjxb1gmh.ax.internal.cloudapp.net",
            "ip_configuration": [
              {
                "name": "internal-westeurope",
                "primary": true,
                "private_ip_address": "10.0.2.4",
                "private_ip_address_allocation": "Dynamic",
                "private_ip_address_version": "IPv4",
                "public_ip_address_id": "/subscriptions/b5384b90-ddf7-4224-a01f-e032de7869ae/resourceGroups/resource_group_westeurope/providers/Microsoft.Network/publicIPAddresses/mariadb_client0-westeurope-ip",
                "subnet_id": "/subscriptions/b5384b90-ddf7-4224-a01f-e032de7869ae/resourceGroups/resource_group_westeurope/providers/Microsoft.Network/virtualNetworks/mariadb_client-westeurope-network/subnets/internal-westeurope"
              }
            ],
            "location": "westeurope",
            "mac_address": "",
            "name": "mariadb_client0-westeurope-nic",
            "private_ip_address": "10.0.2.4",
            "private_ip_addresses": [
              "10.0.2.4"
            ],
            "resource_group_name": "resource_group_westeurope",
            "tags": null,
            "timeouts": null,
            "virtual_machine_id": ""
          },
          "private": "eyJlMmJmYjczMC1lY2FhLTExZTYtOGY4OC0zNDM2M2JjN2M0YzAiOnsiY3JlYXRlIjoxODAwMDAwMDAwMDAwLCJkZWxldGUiOjE4MDAwMDAwMDAwMDAsInJlYWQiOjMwMDAwMDAwMDAwMCwidXBkYXRlIjoxODAwMDAwMDAwMDAwfX0=",
          "dependencies": [
            "module.myazure_westeurope.azurerm_public_ip.mariadb_client",
            "module.myazure_westeurope.azurerm_resource_group.mariadb_client",
            "module.myazure_westeurope.azurerm_subnet.mariadb_client",
            "module.myazure_westeurope.azurerm_virtual_network.mariadb_client"
          ]
        }
      ]
    },
    {
      "module": "module.myazure_northeurope",
      "mode": "managed",
      "type": "azurerm_network_interface",
      "name": "mariadb_client",
      "provider": "provider[\"registry.terraform.io/hashicorp/azurerm\"]",
      "instances": [
        {
          "index_key": 0,
          "schema_version": 0,
          "attributes": {
            "applied_dns_servers": [],
            "dns_servers": [],
            "enable_accelerated_networking": false,
            "enable_ip_forwarding": false,
            "id": "/subscriptions/b5384b90-ddf7-4224-a01f-e032de7869ae/resourceGroups/resource_group_northeurope/providers/Microsoft.Network/networkInterfaces/mariadb_client0-northeurope-nic",
            "internal_dns_name_label": "",
            "internal_domain_name_suffix": "c4qjlunzcpqu3aarhsc3xslmbg.fx.internal.cloudapp.net",
            "ip_configuration": [
              {
                "name": "internal-northeurope",
                "primary": true,
                "private_ip_address": "10.0.2.4",
                "private_ip_address_allocation": "Dynamic",
                "private_ip_address_version": "IPv4",
                "public_ip_address_id": "/subscriptions/b5384b90-ddf7-4224-a01f-e032de7869ae/resourceGroups/resource_group_northeurope/providers/Microsoft.Network/publicIPAddresses/mariadb_client0-northeurope-ip",
                "subnet_id": "/subscriptions/b5384b90-ddf7-4224-a01f-e032de7869ae/resourceGroups/resource_group_northeurope/providers/Microsoft.Network/virtualNetworks/mariadb_client-northeurope-network/subnets/internal-northeurope"
              }
            ],
            "location": "northeurope",
            "mac_address": "",
            "name": "mariadb_client0-northeurope-nic",
            "private_ip_address": "10.0.2.4",
            "private_ip_addresses": [
              "10.0.2.4"
            ],
            "resource_group_name": "resource_group_northeurope",
            "tags": null,
            "timeouts": null,
            "virtual_machine_id": ""
          },
          "private": "eyJlMmJmYjczMC1lY2FhLTExZTYtOGY4OC0zNDM2M2JjN2M0YzAiOnsiY3JlYXRlIjoxODAwMDAwMDAwMDAwLCJkZWxldGUiOjE4MDAwMDAwMDAwMDAsInJlYWQiOjMwMDAwMDAwMDAwMCwidXBkYXRlIjoxODAwMDAwMDAwMDAwfX0=",
          "dependencies": [
            "module.myazure_northeurope.azurerm_public_ip.mariadb_client",
            "module.myazure_northeurope.azurerm_resource_group.mariadb_client",
            "module.myazure_northeurope.azurerm_subnet.mariadb_client",
            "module.myazure_northeurope.azurerm_virtual_network.mariadb_client"
          ]
        }
      ]
    },
    {
      "module": "module.myazure_francecentral",
      "mode": "managed",
      "type": "azurerm_public_ip",
      "name": "mariadb_client",
      "provider": "provider[\"registry.terraform.io/hashicorp/azurerm\"]",
      "instances": [
        {
          "index_key": 0,
          "schema_version": 0,
          "attributes": {
            "allocation_method": "Static",
            "domain_name_label": null,
            "fqdn": null,
            "id": "/subscriptions/b5384b90-ddf7-4224-a01f-e032de7869ae/resourceGroups/resource_group_francecentral/providers/Microsoft.Network/publicIPAddresses/mariadb_client0-francecentral-ip",
            "idle_timeout_in_minutes": 30,
            "ip_address": "40.89.159.55",
            "ip_version": "IPv4",
            "location": "francecentral",
            "name": "mariadb_client0-francecentral-ip",
            "public_ip_prefix_id": null,
            "resource_group_name": "resource_group_francecentral",
            "reverse_fqdn": null,
            "sku": "Basic",
            "tags": null,
            "timeouts": null,
            "zones": null
          },
          "private": "eyJlMmJmYjczMC1lY2FhLTExZTYtOGY4OC0zNDM2M2JjN2M0YzAiOnsiY3JlYXRlIjoxODAwMDAwMDAwMDAwLCJkZWxldGUiOjE4MDAwMDAwMDAwMDAsInJlYWQiOjMwMDAwMDAwMDAwMCwidXBkYXRlIjoxODAwMDAwMDAwMDAwfX0=",
          "dependencies": [
            "module.myazure_francecentral.azurerm_resource_group.mariadb_client"
          ]
        }
      ]
    },
    {
      "module": "module.myazure_westeurope",
      "mode": "managed",
      "type": "azurerm_public_ip",
      "name": "mariadb_client",
      "provider": "provider[\"registry.terraform.io/hashicorp/azurerm\"]",
      "instances": [
        {
          "index_key": 0,
          "schema_version": 0,
          "attributes": {
            "allocation_method": "Static",
            "domain_name_label": null,
            "fqdn": null,
            "id": "/subscriptions/b5384b90-ddf7-4224-a01f-e032de7869ae/resourceGroups/resource_group_westeurope/providers/Microsoft.Network/publicIPAddresses/mariadb_client0-westeurope-ip",
            "idle_timeout_in_minutes": 30,
            "ip_address": "13.93.44.38",
            "ip_version": "IPv4",
            "location": "westeurope",
            "name": "mariadb_client0-westeurope-ip",
            "public_ip_prefix_id": null,
            "resource_group_name": "resource_group_westeurope",
            "reverse_fqdn": null,
            "sku": "Basic",
            "tags": null,
            "timeouts": null,
            "zones": null
          },
          "private": "eyJlMmJmYjczMC1lY2FhLTExZTYtOGY4OC0zNDM2M2JjN2M0YzAiOnsiY3JlYXRlIjoxODAwMDAwMDAwMDAwLCJkZWxldGUiOjE4MDAwMDAwMDAwMDAsInJlYWQiOjMwMDAwMDAwMDAwMCwidXBkYXRlIjoxODAwMDAwMDAwMDAwfX0=",
          "dependencies": [
            "module.myazure_westeurope.azurerm_resource_group.mariadb_client"
          ]
        }
      ]
    },
    {
      "module": "module.myazure_northeurope",
      "mode": "managed",
      "type": "azurerm_public_ip",
      "name": "mariadb_client",
      "provider": "provider[\"registry.terraform.io/hashicorp/azurerm\"]",
      "instances": [
        {
          "index_key": 0,
          "schema_version": 0,
          "attributes": {
            "allocation_method": "Static",
            "domain_name_label": null,
            "fqdn": null,
            "id": "/subscriptions/b5384b90-ddf7-4224-a01f-e032de7869ae/resourceGroups/resource_group_northeurope/providers/Microsoft.Network/publicIPAddresses/mariadb_client0-northeurope-ip",
            "idle_timeout_in_minutes": 30,
            "ip_address": "40.115.118.150",
            "ip_version": "IPv4",
            "location": "northeurope",
            "name": "mariadb_client0-northeurope-ip",
            "public_ip_prefix_id": null,
            "resource_group_name": "resource_group_northeurope",
            "reverse_fqdn": null,
            "sku": "Basic",
            "tags": null,
            "timeouts": null,
            "zones": null
          },
          "private": "eyJlMmJmYjczMC1lY2FhLTExZTYtOGY4OC0zNDM2M2JjN2M0YzAiOnsiY3JlYXRlIjoxODAwMDAwMDAwMDAwLCJkZWxldGUiOjE4MDAwMDAwMDAwMDAsInJlYWQiOjMwMDAwMDAwMDAwMCwidXBkYXRlIjoxODAwMDAwMDAwMDAwfX0=",
          "dependencies": [
            "module.myazure_northeurope.azurerm_resource_group.mariadb_client"
          ]
        }
      ]
    },
    {
      "module": "module.myazure_francecentral",
      "mode": "managed",
      "type": "azurerm_resource_group",
      "name": "mariadb_client",
      "provider": "provider[\"registry.terraform.io/hashicorp/azurerm\"]",
      "instances": [
        {
          "schema_version": 0,
          "attributes": {
            "id": "/subscriptions/b5384b90-ddf7-4224-a01f-e032de7869ae/resourceGroups/resource_group_francecentral",
            "location": "francecentral",
            "name": "resource_group_francecentral",
            "tags": null,
            "timeouts": null
          },
          "private": "eyJlMmJmYjczMC1lY2FhLTExZTYtOGY4OC0zNDM2M2JjN2M0YzAiOnsiY3JlYXRlIjo1NDAwMDAwMDAwMDAwLCJkZWxldGUiOjU0MDAwMDAwMDAwMDAsInJlYWQiOjMwMDAwMDAwMDAwMCwidXBkYXRlIjo1NDAwMDAwMDAwMDAwfX0="
        }
      ]
    },
    {
      "module": "module.myazure_westeurope",
      "mode": "managed",
      "type": "azurerm_resource_group",
      "name": "mariadb_client",
      "provider": "provider[\"registry.terraform.io/hashicorp/azurerm\"]",
      "instances": [
        {
          "schema_version": 0,
          "attributes": {
            "id": "/subscriptions/b5384b90-ddf7-4224-a01f-e032de7869ae/resourceGroups/resource_group_westeurope",
            "location": "westeurope",
            "name": "resource_group_westeurope",
            "tags": null,
            "timeouts": null
          },
          "private": "eyJlMmJmYjczMC1lY2FhLTExZTYtOGY4OC0zNDM2M2JjN2M0YzAiOnsiY3JlYXRlIjo1NDAwMDAwMDAwMDAwLCJkZWxldGUiOjU0MDAwMDAwMDAwMDAsInJlYWQiOjMwMDAwMDAwMDAwMCwidXBkYXRlIjo1NDAwMDAwMDAwMDAwfX0="
        }
      ]
    },
    {
      "module": "module.myazure_northeurope",
      "mode": "managed",
      "type": "azurerm_resource_group",
      "name": "mariadb_client",
      "provider": "provider[\"registry.terraform.io/hashicorp/azurerm\"]",
      "instances": [
        {
          "schema_version": 0,
          "attributes": {
            "id": "/subscriptions/b5384b90-ddf7-4224-a01f-e032de7869ae/resourceGroups/resource_group_northeurope",
            "location": "northeurope",
            "name": "resource_group_northeurope",
            "tags": null,
            "timeouts": null
          },
          "private": "eyJlMmJmYjczMC1lY2FhLTExZTYtOGY4OC0zNDM2M2JjN2M0YzAiOnsiY3JlYXRlIjo1NDAwMDAwMDAwMDAwLCJkZWxldGUiOjU0MDAwMDAwMDAwMDAsInJlYWQiOjMwMDAwMDAwMDAwMCwidXBkYXRlIjo1NDAwMDAwMDAwMDAwfX0="
        }
      ]
    },
    {
      "module": "module.myazure_francecentral",
      "mode": "managed",
      "type": "azurerm_subnet",
      "name": "mariadb_client",
      "provider": "provider[\"registry.terraform.io/hashicorp/azurerm\"]",
      "instances": [
        {
          "schema_version": 0,
          "attributes": {
            "address_prefix": "10.0.2.0/24",
            "address_prefixes": [
              "10.0.2.0/24"
            ],
            "delegation": [],
            "enforce_private_link_endpoint_network_policies": false,
            "enforce_private_link_service_network_policies": false,
            "id": "/subscriptions/b5384b90-ddf7-4224-a01f-e032de7869ae/resourceGroups/resource_group_francecentral/providers/Microsoft.Network/virtualNetworks/mariadb_client-francecentral-network/subnets/internal-francecentral",
            "name": "internal-francecentral",
            "resource_group_name": "resource_group_francecentral",
            "service_endpoints": null,
            "timeouts": null,
            "virtual_network_name": "mariadb_client-francecentral-network"
          },
          "private": "eyJlMmJmYjczMC1lY2FhLTExZTYtOGY4OC0zNDM2M2JjN2M0YzAiOnsiY3JlYXRlIjoxODAwMDAwMDAwMDAwLCJkZWxldGUiOjE4MDAwMDAwMDAwMDAsInJlYWQiOjMwMDAwMDAwMDAwMCwidXBkYXRlIjoxODAwMDAwMDAwMDAwfX0=",
          "dependencies": [
            "module.myazure_francecentral.azurerm_resource_group.mariadb_client",
            "module.myazure_francecentral.azurerm_virtual_network.mariadb_client"
          ]
        }
      ]
    },
    {
      "module": "module.myazure_westeurope",
      "mode": "managed",
      "type": "azurerm_subnet",
      "name": "mariadb_client",
      "provider": "provider[\"registry.terraform.io/hashicorp/azurerm\"]",
      "instances": [
        {
          "schema_version": 0,
          "attributes": {
            "address_prefix": "10.0.2.0/24",
            "address_prefixes": [
              "10.0.2.0/24"
            ],
            "delegation": [],
            "enforce_private_link_endpoint_network_policies": false,
            "enforce_private_link_service_network_policies": false,
            "id": "/subscriptions/b5384b90-ddf7-4224-a01f-e032de7869ae/resourceGroups/resource_group_westeurope/providers/Microsoft.Network/virtualNetworks/mariadb_client-westeurope-network/subnets/internal-westeurope",
            "name": "internal-westeurope",
            "resource_group_name": "resource_group_westeurope",
            "service_endpoints": null,
            "timeouts": null,
            "virtual_network_name": "mariadb_client-westeurope-network"
          },
          "private": "eyJlMmJmYjczMC1lY2FhLTExZTYtOGY4OC0zNDM2M2JjN2M0YzAiOnsiY3JlYXRlIjoxODAwMDAwMDAwMDAwLCJkZWxldGUiOjE4MDAwMDAwMDAwMDAsInJlYWQiOjMwMDAwMDAwMDAwMCwidXBkYXRlIjoxODAwMDAwMDAwMDAwfX0=",
          "dependencies": [
            "module.myazure_westeurope.azurerm_resource_group.mariadb_client",
            "module.myazure_westeurope.azurerm_virtual_network.mariadb_client"
          ]
        }
      ]
    },
    {
      "module": "module.myazure_northeurope",
      "mode": "managed",
      "type": "azurerm_subnet",
      "name": "mariadb_client",
      "provider": "provider[\"registry.terraform.io/hashicorp/azurerm\"]",
      "instances": [
        {
          "schema_version": 0,
          "attributes": {
            "address_prefix": "10.0.2.0/24",
            "address_prefixes": [
              "10.0.2.0/24"
            ],
            "delegation": [],
            "enforce_private_link_endpoint_network_policies": false,
            "enforce_private_link_service_network_policies": false,
            "id": "/subscriptions/b5384b90-ddf7-4224-a01f-e032de7869ae/resourceGroups/resource_group_northeurope/providers/Microsoft.Network/virtualNetworks/mariadb_client-northeurope-network/subnets/internal-northeurope",
            "name": "internal-northeurope",
            "resource_group_name": "resource_group_northeurope",
            "service_endpoints": null,
            "timeouts": null,
            "virtual_network_name": "mariadb_client-northeurope-network"
          },
          "private": "eyJlMmJmYjczMC1lY2FhLTExZTYtOGY4OC0zNDM2M2JjN2M0YzAiOnsiY3JlYXRlIjoxODAwMDAwMDAwMDAwLCJkZWxldGUiOjE4MDAwMDAwMDAwMDAsInJlYWQiOjMwMDAwMDAwMDAwMCwidXBkYXRlIjoxODAwMDAwMDAwMDAwfX0=",
          "dependencies": [
            "module.myazure_northeurope.azurerm_resource_group.mariadb_client",
            "module.myazure_northeurope.azurerm_virtual_network.mariadb_client"
          ]
        }
      ]
    },
    {
      "module": "module.myazure_francecentral",
      "mode": "managed",
      "type": "azurerm_virtual_network",
      "name": "mariadb_client",
      "provider": "provider[\"registry.terraform.io/hashicorp/azurerm\"]",
      "instances": [
        {
          "schema_version": 0,
          "attributes": {
            "address_space": [
              "10.0.0.0/16"
            ],
            "ddos_protection_plan": [],
            "dns_servers": null,
            "guid": "f672c68b-e5be-41d0-84aa-c17b219b42c2",
            "id": "/subscriptions/b5384b90-ddf7-4224-a01f-e032de7869ae/resourceGroups/resource_group_francecentral/providers/Microsoft.Network/virtualNetworks/mariadb_client-francecentral-network",
            "location": "francecentral",
            "name": "mariadb_client-francecentral-network",
            "resource_group_name": "resource_group_francecentral",
            "subnet": [],
            "tags": null,
            "timeouts": null
          },
          "private": "eyJlMmJmYjczMC1lY2FhLTExZTYtOGY4OC0zNDM2M2JjN2M0YzAiOnsiY3JlYXRlIjoxODAwMDAwMDAwMDAwLCJkZWxldGUiOjE4MDAwMDAwMDAwMDAsInJlYWQiOjMwMDAwMDAwMDAwMCwidXBkYXRlIjoxODAwMDAwMDAwMDAwfX0=",
          "dependencies": [
            "module.myazure_francecentral.azurerm_resource_group.mariadb_client"
          ]
        }
      ]
    },
    {
      "module": "module.myazure_westeurope",
      "mode": "managed",
      "type": "azurerm_virtual_network",
      "name": "mariadb_client",
      "provider": "provider[\"registry.terraform.io/hashicorp/azurerm\"]",
      "instances": [
        {
          "schema_version": 0,
          "attributes": {
            "address_space": [
              "10.0.0.0/16"
            ],
            "ddos_protection_plan": [],
            "dns_servers": null,
            "guid": "f69da2e9-725c-4117-a6ff-8fce9b876667",
            "id": "/subscriptions/b5384b90-ddf7-4224-a01f-e032de7869ae/resourceGroups/resource_group_westeurope/providers/Microsoft.Network/virtualNetworks/mariadb_client-westeurope-network",
            "location": "westeurope",
            "name": "mariadb_client-westeurope-network",
            "resource_group_name": "resource_group_westeurope",
            "subnet": [],
            "tags": null,
            "timeouts": null
          },
          "private": "eyJlMmJmYjczMC1lY2FhLTExZTYtOGY4OC0zNDM2M2JjN2M0YzAiOnsiY3JlYXRlIjoxODAwMDAwMDAwMDAwLCJkZWxldGUiOjE4MDAwMDAwMDAwMDAsInJlYWQiOjMwMDAwMDAwMDAwMCwidXBkYXRlIjoxODAwMDAwMDAwMDAwfX0=",
          "dependencies": [
            "module.myazure_westeurope.azurerm_resource_group.mariadb_client"
          ]
        }
      ]
    },
    {
      "module": "module.myazure_northeurope",
      "mode": "managed",
      "type": "azurerm_virtual_network",
      "name": "mariadb_client",
      "provider": "provider[\"registry.terraform.io/hashicorp/azurerm\"]",
      "instances": [
        {
          "schema_version": 0,
          "attributes": {
            "address_space": [
              "10.0.0.0/16"
            ],
            "ddos_protection_plan": [],
            "dns_servers": null,
            "guid": "d195a017-13b9-4ee1-8011-3c85dbc96c0e",
            "id": "/subscriptions/b5384b90-ddf7-4224-a01f-e032de7869ae/resourceGroups/resource_group_northeurope/providers/Microsoft.Network/virtualNetworks/mariadb_client-northeurope-network",
            "location": "northeurope",
            "name": "mariadb_client-northeurope-network",
            "resource_group_name": "resource_group_northeurope",
            "subnet": [],
            "tags": null,
            "timeouts": null
          },
          "private": "eyJlMmJmYjczMC1lY2FhLTExZTYtOGY4OC0zNDM2M2JjN2M0YzAiOnsiY3JlYXRlIjoxODAwMDAwMDAwMDAwLCJkZWxldGUiOjE4MDAwMDAwMDAwMDAsInJlYWQiOjMwMDAwMDAwMDAwMCwidXBkYXRlIjoxODAwMDAwMDAwMDAwfX0=",
          "dependencies": [
            "module.myazure_northeurope.azurerm_resource_group.mariadb_client"
          ]
        }
      ]
    }
  ]
}
