{
  "version": 4,
  "terraform_version": "0.13.0",
  "serial": 195,
  "lineage": "622d2731-c1ea-22be-d887-dd9cab04a099",
  "outputs": {
    "public_ip_address": {
      "value": [
        "52.178.43.79",
        "52.178.43.73",
        "52.178.43.77"
      ],
      "type": [
        "tuple",
        [
          "string",
          "string",
          "string"
        ]
      ]
    }
  },
  "resources": [
    {
      "mode": "data",
      "type": "azurerm_public_ip",
      "name": "mariadb_client",
      "provider": "provider[\"registry.terraform.io/hashicorp/azurerm\"]",
      "instances": [
        {
          "index_key": 0,
          "schema_version": 0,
          "attributes": {
            "allocation_method": "Static",
            "domain_name_label": "",
            "fqdn": "",
            "id": "/subscriptions/b5384b90-ddf7-4224-a01f-e032de7869ae/resourceGroups/mariadb_client-resources/providers/Microsoft.Network/publicIPAddresses/mariadb_client0-ip",
            "idle_timeout_in_minutes": 30,
            "ip_address": "52.178.43.79",
            "ip_version": "IPv4",
            "location": "westeurope",
            "name": "mariadb_client0-ip",
            "resource_group_name": "mariadb_client-resources",
            "reverse_fqdn": "",
            "sku": "Basic",
            "tags": {},
            "timeouts": null,
            "zones": []
          }
        },
        {
          "index_key": 1,
          "schema_version": 0,
          "attributes": {
            "allocation_method": "Static",
            "domain_name_label": "",
            "fqdn": "",
            "id": "/subscriptions/b5384b90-ddf7-4224-a01f-e032de7869ae/resourceGroups/mariadb_client-resources/providers/Microsoft.Network/publicIPAddresses/mariadb_client1-ip",
            "idle_timeout_in_minutes": 30,
            "ip_address": "52.178.43.73",
            "ip_version": "IPv4",
            "location": "westeurope",
            "name": "mariadb_client1-ip",
            "resource_group_name": "mariadb_client-resources",
            "reverse_fqdn": "",
            "sku": "Basic",
            "tags": {},
            "timeouts": null,
            "zones": []
          }
        },
        {
          "index_key": 2,
          "schema_version": 0,
          "attributes": {
            "allocation_method": "Static",
            "domain_name_label": "",
            "fqdn": "",
            "id": "/subscriptions/b5384b90-ddf7-4224-a01f-e032de7869ae/resourceGroups/mariadb_client-resources/providers/Microsoft.Network/publicIPAddresses/mariadb_client2-ip",
            "idle_timeout_in_minutes": 30,
            "ip_address": "52.178.43.77",
            "ip_version": "IPv4",
            "location": "westeurope",
            "name": "mariadb_client2-ip",
            "resource_group_name": "mariadb_client-resources",
            "reverse_fqdn": "",
            "sku": "Basic",
            "tags": {},
            "timeouts": null,
            "zones": []
          }
        }
      ]
    },
    {
      "mode": "managed",
      "type": "azurerm_linux_virtual_machine",
      "name": "mariadb_client",
      "provider": "provider[\"registry.terraform.io/hashicorp/azurerm\"]",
      "instances": [
        {
          "index_key": 0,
          "schema_version": 0,
          "attributes": {
            "additional_capabilities": [],
            "admin_password": null,
            "admin_ssh_key": [
              {
                "public_key": "ssh-rsa AAAAB3NzaC1yc2EAAAADAQABAAABAQD0s9U48MM3si7kQ+Rlp7CSuXmsn8GgaFr/WyVCeaXWEE3RZAQtyhflsFY8rr7KLuw97WG2zK4Iy5Kbj41KairfQ2qHbDY1P/jY19hT5fYOgxvXQF8/EgyuPCZyaPwHxmlCFOiDrEC0tQ6pyvDJtyKfpeOvM5D/bRZTXZTK6wqv3OzgLwJGtk97UWTBYrlZ0qHBlVko9Tf7SuohownodZtsSXykWIJlyV6fdhnS3/er2ueQcSoxxk3Lx4hanJPI37/oytTroeCalwef4iiebylfzM2o2Gh7wmYRPaApbfdaLNfCLVuZ1McrVWA8V6dGq5Q0Kc/8R/4lddSwqRu8TYtv epitech@Testarossa\n",
                "username": "epitech"
              }
            ],
            "admin_username": "epitech",
            "allow_extension_operations": true,
            "availability_set_id": "",
            "boot_diagnostics": [],
            "computer_name": "mariadb-client0-cloud",
            "custom_data": null,
            "dedicated_host_id": "",
            "disable_password_authentication": true,
            "eviction_policy": "",
            "id": "/subscriptions/b5384b90-ddf7-4224-a01f-e032de7869ae/resourceGroups/mariadb_client-resources/providers/Microsoft.Compute/virtualMachines/mariadb-client0-cloud",
            "identity": [],
            "location": "westeurope",
            "max_bid_price": -1,
            "name": "mariadb-client0-cloud",
            "network_interface_ids": [
              "/subscriptions/b5384b90-ddf7-4224-a01f-e032de7869ae/resourceGroups/mariadb_client-resources/providers/Microsoft.Network/networkInterfaces/mariadb_client0-nic"
            ],
            "os_disk": [
              {
                "caching": "ReadWrite",
                "diff_disk_settings": [],
                "disk_encryption_set_id": "",
                "disk_size_gb": 30,
                "name": "mariadb-client0-cloud_OsDisk_1_6e96cedfd97e46e5bdc992d3880cb48d",
                "storage_account_type": "Standard_LRS",
                "write_accelerator_enabled": false
              }
            ],
            "plan": [],
            "priority": "Regular",
            "private_ip_address": "10.0.2.5",
            "private_ip_addresses": [
              "10.0.2.5"
            ],
            "provision_vm_agent": true,
            "proximity_placement_group_id": "",
            "public_ip_address": "52.178.43.79",
            "public_ip_addresses": [
              "52.178.43.79"
            ],
            "resource_group_name": "mariadb_client-resources",
            "secret": [],
            "size": "Standard_B1ms",
            "source_image_id": "",
            "source_image_reference": [
              {
                "offer": "CentOS",
                "publisher": "OpenLogic",
                "sku": "7.6",
                "version": "latest"
              }
            ],
            "tags": null,
            "timeouts": null,
            "virtual_machine_id": "778bb0a5-1002-4158-99c8-d4ca88dc84f4",
            "virtual_machine_scale_set_id": "",
            "zone": ""
          },
          "private": "eyJlMmJmYjczMC1lY2FhLTExZTYtOGY4OC0zNDM2M2JjN2M0YzAiOnsiY3JlYXRlIjoyNzAwMDAwMDAwMDAwLCJkZWxldGUiOjI3MDAwMDAwMDAwMDAsInJlYWQiOjMwMDAwMDAwMDAwMCwidXBkYXRlIjoyNzAwMDAwMDAwMDAwfX0=",
          "dependencies": [
            "azurerm_network_interface.mariadb_client",
            "azurerm_public_ip.mariadb_client",
            "azurerm_resource_group.mariadb_client"
          ]
        },
        {
          "index_key": 1,
          "schema_version": 0,
          "attributes": {
            "additional_capabilities": [],
            "admin_password": null,
            "admin_ssh_key": [
              {
                "public_key": "ssh-rsa AAAAB3NzaC1yc2EAAAADAQABAAABAQD0s9U48MM3si7kQ+Rlp7CSuXmsn8GgaFr/WyVCeaXWEE3RZAQtyhflsFY8rr7KLuw97WG2zK4Iy5Kbj41KairfQ2qHbDY1P/jY19hT5fYOgxvXQF8/EgyuPCZyaPwHxmlCFOiDrEC0tQ6pyvDJtyKfpeOvM5D/bRZTXZTK6wqv3OzgLwJGtk97UWTBYrlZ0qHBlVko9Tf7SuohownodZtsSXykWIJlyV6fdhnS3/er2ueQcSoxxk3Lx4hanJPI37/oytTroeCalwef4iiebylfzM2o2Gh7wmYRPaApbfdaLNfCLVuZ1McrVWA8V6dGq5Q0Kc/8R/4lddSwqRu8TYtv epitech@Testarossa\n",
                "username": "epitech"
              }
            ],
            "admin_username": "epitech",
            "allow_extension_operations": true,
            "availability_set_id": "",
            "boot_diagnostics": [],
            "computer_name": "mariadb-client1-cloud",
            "custom_data": null,
            "dedicated_host_id": "",
            "disable_password_authentication": true,
            "eviction_policy": "",
            "id": "/subscriptions/b5384b90-ddf7-4224-a01f-e032de7869ae/resourceGroups/mariadb_client-resources/providers/Microsoft.Compute/virtualMachines/mariadb-client1-cloud",
            "identity": [],
            "location": "westeurope",
            "max_bid_price": -1,
            "name": "mariadb-client1-cloud",
            "network_interface_ids": [
              "/subscriptions/b5384b90-ddf7-4224-a01f-e032de7869ae/resourceGroups/mariadb_client-resources/providers/Microsoft.Network/networkInterfaces/mariadb_client1-nic"
            ],
            "os_disk": [
              {
                "caching": "ReadWrite",
                "diff_disk_settings": [],
                "disk_encryption_set_id": "",
                "disk_size_gb": 30,
                "name": "mariadb-client1-cloud_OsDisk_1_ba60cfa5dc434213b79fbdfd6be04164",
                "storage_account_type": "Standard_LRS",
                "write_accelerator_enabled": false
              }
            ],
            "plan": [],
            "priority": "Regular",
            "private_ip_address": "10.0.2.6",
            "private_ip_addresses": [
              "10.0.2.6"
            ],
            "provision_vm_agent": true,
            "proximity_placement_group_id": "",
            "public_ip_address": "52.178.43.73",
            "public_ip_addresses": [
              "52.178.43.73"
            ],
            "resource_group_name": "mariadb_client-resources",
            "secret": [],
            "size": "Standard_B1ms",
            "source_image_id": "",
            "source_image_reference": [
              {
                "offer": "CentOS",
                "publisher": "OpenLogic",
                "sku": "7.6",
                "version": "latest"
              }
            ],
            "tags": null,
            "timeouts": null,
            "virtual_machine_id": "5680b7a2-dc8d-4686-a7b8-79fe4d937c6c",
            "virtual_machine_scale_set_id": "",
            "zone": ""
          },
          "private": "eyJlMmJmYjczMC1lY2FhLTExZTYtOGY4OC0zNDM2M2JjN2M0YzAiOnsiY3JlYXRlIjoyNzAwMDAwMDAwMDAwLCJkZWxldGUiOjI3MDAwMDAwMDAwMDAsInJlYWQiOjMwMDAwMDAwMDAwMCwidXBkYXRlIjoyNzAwMDAwMDAwMDAwfX0=",
          "dependencies": [
            "azurerm_network_interface.mariadb_client",
            "azurerm_public_ip.mariadb_client",
            "azurerm_resource_group.mariadb_client"
          ]
        },
        {
          "index_key": 2,
          "schema_version": 0,
          "attributes": {
            "additional_capabilities": [],
            "admin_password": null,
            "admin_ssh_key": [
              {
                "public_key": "ssh-rsa AAAAB3NzaC1yc2EAAAADAQABAAABAQD0s9U48MM3si7kQ+Rlp7CSuXmsn8GgaFr/WyVCeaXWEE3RZAQtyhflsFY8rr7KLuw97WG2zK4Iy5Kbj41KairfQ2qHbDY1P/jY19hT5fYOgxvXQF8/EgyuPCZyaPwHxmlCFOiDrEC0tQ6pyvDJtyKfpeOvM5D/bRZTXZTK6wqv3OzgLwJGtk97UWTBYrlZ0qHBlVko9Tf7SuohownodZtsSXykWIJlyV6fdhnS3/er2ueQcSoxxk3Lx4hanJPI37/oytTroeCalwef4iiebylfzM2o2Gh7wmYRPaApbfdaLNfCLVuZ1McrVWA8V6dGq5Q0Kc/8R/4lddSwqRu8TYtv epitech@Testarossa\n",
                "username": "epitech"
              }
            ],
            "admin_username": "epitech",
            "allow_extension_operations": true,
            "availability_set_id": "",
            "boot_diagnostics": [],
            "computer_name": "mariadb-client2-cloud",
            "custom_data": null,
            "dedicated_host_id": "",
            "disable_password_authentication": true,
            "eviction_policy": "",
            "id": "/subscriptions/b5384b90-ddf7-4224-a01f-e032de7869ae/resourceGroups/mariadb_client-resources/providers/Microsoft.Compute/virtualMachines/mariadb-client2-cloud",
            "identity": [],
            "location": "westeurope",
            "max_bid_price": -1,
            "name": "mariadb-client2-cloud",
            "network_interface_ids": [
              "/subscriptions/b5384b90-ddf7-4224-a01f-e032de7869ae/resourceGroups/mariadb_client-resources/providers/Microsoft.Network/networkInterfaces/mariadb_client2-nic"
            ],
            "os_disk": [
              {
                "caching": "ReadWrite",
                "diff_disk_settings": [],
                "disk_encryption_set_id": "",
                "disk_size_gb": 30,
                "name": "mariadb-client2-cloud_OsDisk_1_a47e0075f7f24982be451d9e3c550b4c",
                "storage_account_type": "Standard_LRS",
                "write_accelerator_enabled": false
              }
            ],
            "plan": [],
            "priority": "Regular",
            "private_ip_address": "10.0.2.4",
            "private_ip_addresses": [
              "10.0.2.4"
            ],
            "provision_vm_agent": true,
            "proximity_placement_group_id": "",
            "public_ip_address": "52.178.43.77",
            "public_ip_addresses": [
              "52.178.43.77"
            ],
            "resource_group_name": "mariadb_client-resources",
            "secret": [],
            "size": "Standard_B1ms",
            "source_image_id": "",
            "source_image_reference": [
              {
                "offer": "CentOS",
                "publisher": "OpenLogic",
                "sku": "7.6",
                "version": "latest"
              }
            ],
            "tags": null,
            "timeouts": null,
            "virtual_machine_id": "6d591886-3f73-4060-b42c-2ee133e57850",
            "virtual_machine_scale_set_id": "",
            "zone": ""
          },
          "private": "eyJlMmJmYjczMC1lY2FhLTExZTYtOGY4OC0zNDM2M2JjN2M0YzAiOnsiY3JlYXRlIjoyNzAwMDAwMDAwMDAwLCJkZWxldGUiOjI3MDAwMDAwMDAwMDAsInJlYWQiOjMwMDAwMDAwMDAwMCwidXBkYXRlIjoyNzAwMDAwMDAwMDAwfX0=",
          "dependencies": [
            "azurerm_network_interface.mariadb_client",
            "azurerm_public_ip.mariadb_client",
            "azurerm_resource_group.mariadb_client"
          ]
        }
      ]
    },
    {
      "mode": "managed",
      "type": "azurerm_network_interface",
      "name": "mariadb_client",
      "provider": "provider[\"registry.terraform.io/hashicorp/azurerm\"]",
      "instances": [
        {
          "index_key": 0,
          "schema_version": 0,
          "attributes": {
            "applied_dns_servers": [],
            "dns_servers": [],
            "enable_accelerated_networking": false,
            "enable_ip_forwarding": false,
            "id": "/subscriptions/b5384b90-ddf7-4224-a01f-e032de7869ae/resourceGroups/mariadb_client-resources/providers/Microsoft.Network/networkInterfaces/mariadb_client0-nic",
            "internal_dns_name_label": "",
            "internal_domain_name_suffix": "d32lg0dutosevmhunizw4m2h0c.ax.internal.cloudapp.net",
            "ip_configuration": [
              {
                "name": "internal",
                "primary": true,
                "private_ip_address": "10.0.2.5",
                "private_ip_address_allocation": "Dynamic",
                "private_ip_address_version": "IPv4",
                "public_ip_address_id": "/subscriptions/b5384b90-ddf7-4224-a01f-e032de7869ae/resourceGroups/mariadb_client-resources/providers/Microsoft.Network/publicIPAddresses/mariadb_client0-ip",
                "subnet_id": "/subscriptions/b5384b90-ddf7-4224-a01f-e032de7869ae/resourceGroups/mariadb_client-resources/providers/Microsoft.Network/virtualNetworks/mariadb_client-network/subnets/internal"
              }
            ],
            "location": "westeurope",
            "mac_address": "",
            "name": "mariadb_client0-nic",
            "private_ip_address": "10.0.2.5",
            "private_ip_addresses": [
              "10.0.2.5"
            ],
            "resource_group_name": "mariadb_client-resources",
            "tags": {},
            "timeouts": null,
            "virtual_machine_id": ""
          },
          "private": "eyJlMmJmYjczMC1lY2FhLTExZTYtOGY4OC0zNDM2M2JjN2M0YzAiOnsiY3JlYXRlIjoxODAwMDAwMDAwMDAwLCJkZWxldGUiOjE4MDAwMDAwMDAwMDAsInJlYWQiOjMwMDAwMDAwMDAwMCwidXBkYXRlIjoxODAwMDAwMDAwMDAwfX0=",
          "dependencies": [
            "azurerm_public_ip.mariadb_client",
            "azurerm_resource_group.mariadb_client",
            "azurerm_subnet.mariadb_client",
            "azurerm_virtual_network.mariadb_client"
          ]
        },
        {
          "index_key": 1,
          "schema_version": 0,
          "attributes": {
            "applied_dns_servers": [],
            "dns_servers": [],
            "enable_accelerated_networking": false,
            "enable_ip_forwarding": false,
            "id": "/subscriptions/b5384b90-ddf7-4224-a01f-e032de7869ae/resourceGroups/mariadb_client-resources/providers/Microsoft.Network/networkInterfaces/mariadb_client1-nic",
            "internal_dns_name_label": "",
            "internal_domain_name_suffix": "d32lg0dutosevmhunizw4m2h0c.ax.internal.cloudapp.net",
            "ip_configuration": [
              {
                "name": "internal",
                "primary": true,
                "private_ip_address": "10.0.2.6",
                "private_ip_address_allocation": "Dynamic",
                "private_ip_address_version": "IPv4",
                "public_ip_address_id": "/subscriptions/b5384b90-ddf7-4224-a01f-e032de7869ae/resourceGroups/mariadb_client-resources/providers/Microsoft.Network/publicIPAddresses/mariadb_client1-ip",
                "subnet_id": "/subscriptions/b5384b90-ddf7-4224-a01f-e032de7869ae/resourceGroups/mariadb_client-resources/providers/Microsoft.Network/virtualNetworks/mariadb_client-network/subnets/internal"
              }
            ],
            "location": "westeurope",
            "mac_address": "",
            "name": "mariadb_client1-nic",
            "private_ip_address": "10.0.2.6",
            "private_ip_addresses": [
              "10.0.2.6"
            ],
            "resource_group_name": "mariadb_client-resources",
            "tags": {},
            "timeouts": null,
            "virtual_machine_id": ""
          },
          "private": "eyJlMmJmYjczMC1lY2FhLTExZTYtOGY4OC0zNDM2M2JjN2M0YzAiOnsiY3JlYXRlIjoxODAwMDAwMDAwMDAwLCJkZWxldGUiOjE4MDAwMDAwMDAwMDAsInJlYWQiOjMwMDAwMDAwMDAwMCwidXBkYXRlIjoxODAwMDAwMDAwMDAwfX0=",
          "dependencies": [
            "azurerm_public_ip.mariadb_client",
            "azurerm_resource_group.mariadb_client",
            "azurerm_subnet.mariadb_client",
            "azurerm_virtual_network.mariadb_client"
          ]
        },
        {
          "index_key": 2,
          "schema_version": 0,
          "attributes": {
            "applied_dns_servers": [],
            "dns_servers": [],
            "enable_accelerated_networking": false,
            "enable_ip_forwarding": false,
            "id": "/subscriptions/b5384b90-ddf7-4224-a01f-e032de7869ae/resourceGroups/mariadb_client-resources/providers/Microsoft.Network/networkInterfaces/mariadb_client2-nic",
            "internal_dns_name_label": "",
            "internal_domain_name_suffix": "d32lg0dutosevmhunizw4m2h0c.ax.internal.cloudapp.net",
            "ip_configuration": [
              {
                "name": "internal",
                "primary": true,
                "private_ip_address": "10.0.2.4",
                "private_ip_address_allocation": "Dynamic",
                "private_ip_address_version": "IPv4",
                "public_ip_address_id": "/subscriptions/b5384b90-ddf7-4224-a01f-e032de7869ae/resourceGroups/mariadb_client-resources/providers/Microsoft.Network/publicIPAddresses/mariadb_client2-ip",
                "subnet_id": "/subscriptions/b5384b90-ddf7-4224-a01f-e032de7869ae/resourceGroups/mariadb_client-resources/providers/Microsoft.Network/virtualNetworks/mariadb_client-network/subnets/internal"
              }
            ],
            "location": "westeurope",
            "mac_address": "",
            "name": "mariadb_client2-nic",
            "private_ip_address": "10.0.2.4",
            "private_ip_addresses": [
              "10.0.2.4"
            ],
            "resource_group_name": "mariadb_client-resources",
            "tags": {},
            "timeouts": null,
            "virtual_machine_id": ""
          },
          "private": "eyJlMmJmYjczMC1lY2FhLTExZTYtOGY4OC0zNDM2M2JjN2M0YzAiOnsiY3JlYXRlIjoxODAwMDAwMDAwMDAwLCJkZWxldGUiOjE4MDAwMDAwMDAwMDAsInJlYWQiOjMwMDAwMDAwMDAwMCwidXBkYXRlIjoxODAwMDAwMDAwMDAwfX0=",
          "dependencies": [
            "azurerm_public_ip.mariadb_client",
            "azurerm_resource_group.mariadb_client",
            "azurerm_subnet.mariadb_client",
            "azurerm_virtual_network.mariadb_client"
          ]
        }
      ]
    },
    {
      "mode": "managed",
      "type": "azurerm_public_ip",
      "name": "mariadb_client",
      "provider": "provider[\"registry.terraform.io/hashicorp/azurerm\"]",
      "instances": [
        {
          "index_key": 0,
          "schema_version": 0,
          "attributes": {
            "allocation_method": "Static",
            "domain_name_label": null,
            "fqdn": null,
            "id": "/subscriptions/b5384b90-ddf7-4224-a01f-e032de7869ae/resourceGroups/mariadb_client-resources/providers/Microsoft.Network/publicIPAddresses/mariadb_client0-ip",
            "idle_timeout_in_minutes": 30,
            "ip_address": "52.178.43.79",
            "ip_version": "IPv4",
            "location": "westeurope",
            "name": "mariadb_client0-ip",
            "public_ip_prefix_id": null,
            "resource_group_name": "mariadb_client-resources",
            "reverse_fqdn": null,
            "sku": "Basic",
            "tags": {},
            "timeouts": null,
            "zones": []
          },
          "private": "eyJlMmJmYjczMC1lY2FhLTExZTYtOGY4OC0zNDM2M2JjN2M0YzAiOnsiY3JlYXRlIjoxODAwMDAwMDAwMDAwLCJkZWxldGUiOjE4MDAwMDAwMDAwMDAsInJlYWQiOjMwMDAwMDAwMDAwMCwidXBkYXRlIjoxODAwMDAwMDAwMDAwfX0=",
          "dependencies": [
            "azurerm_resource_group.mariadb_client"
          ]
        },
        {
          "index_key": 1,
          "schema_version": 0,
          "attributes": {
            "allocation_method": "Static",
            "domain_name_label": null,
            "fqdn": null,
            "id": "/subscriptions/b5384b90-ddf7-4224-a01f-e032de7869ae/resourceGroups/mariadb_client-resources/providers/Microsoft.Network/publicIPAddresses/mariadb_client1-ip",
            "idle_timeout_in_minutes": 30,
            "ip_address": "52.178.43.73",
            "ip_version": "IPv4",
            "location": "westeurope",
            "name": "mariadb_client1-ip",
            "public_ip_prefix_id": null,
            "resource_group_name": "mariadb_client-resources",
            "reverse_fqdn": null,
            "sku": "Basic",
            "tags": {},
            "timeouts": null,
            "zones": []
          },
          "private": "eyJlMmJmYjczMC1lY2FhLTExZTYtOGY4OC0zNDM2M2JjN2M0YzAiOnsiY3JlYXRlIjoxODAwMDAwMDAwMDAwLCJkZWxldGUiOjE4MDAwMDAwMDAwMDAsInJlYWQiOjMwMDAwMDAwMDAwMCwidXBkYXRlIjoxODAwMDAwMDAwMDAwfX0=",
          "dependencies": [
            "azurerm_resource_group.mariadb_client"
          ]
        },
        {
          "index_key": 2,
          "schema_version": 0,
          "attributes": {
            "allocation_method": "Static",
            "domain_name_label": null,
            "fqdn": null,
            "id": "/subscriptions/b5384b90-ddf7-4224-a01f-e032de7869ae/resourceGroups/mariadb_client-resources/providers/Microsoft.Network/publicIPAddresses/mariadb_client2-ip",
            "idle_timeout_in_minutes": 30,
            "ip_address": "52.178.43.77",
            "ip_version": "IPv4",
            "location": "westeurope",
            "name": "mariadb_client2-ip",
            "public_ip_prefix_id": null,
            "resource_group_name": "mariadb_client-resources",
            "reverse_fqdn": null,
            "sku": "Basic",
            "tags": {},
            "timeouts": null,
            "zones": []
          },
          "private": "eyJlMmJmYjczMC1lY2FhLTExZTYtOGY4OC0zNDM2M2JjN2M0YzAiOnsiY3JlYXRlIjoxODAwMDAwMDAwMDAwLCJkZWxldGUiOjE4MDAwMDAwMDAwMDAsInJlYWQiOjMwMDAwMDAwMDAwMCwidXBkYXRlIjoxODAwMDAwMDAwMDAwfX0=",
          "dependencies": [
            "azurerm_resource_group.mariadb_client"
          ]
        }
      ]
    },
    {
      "mode": "managed",
      "type": "azurerm_resource_group",
      "name": "mariadb_client",
      "provider": "provider[\"registry.terraform.io/hashicorp/azurerm\"]",
      "instances": [
        {
          "schema_version": 0,
          "attributes": {
            "id": "/subscriptions/b5384b90-ddf7-4224-a01f-e032de7869ae/resourceGroups/mariadb_client-resources",
            "location": "westeurope",
            "name": "mariadb_client-resources",
            "tags": {},
            "timeouts": null
          },
          "private": "eyJlMmJmYjczMC1lY2FhLTExZTYtOGY4OC0zNDM2M2JjN2M0YzAiOnsiY3JlYXRlIjo1NDAwMDAwMDAwMDAwLCJkZWxldGUiOjU0MDAwMDAwMDAwMDAsInJlYWQiOjMwMDAwMDAwMDAwMCwidXBkYXRlIjo1NDAwMDAwMDAwMDAwfX0="
        }
      ]
    },
    {
      "mode": "managed",
      "type": "azurerm_subnet",
      "name": "mariadb_client",
      "provider": "provider[\"registry.terraform.io/hashicorp/azurerm\"]",
      "instances": [
        {
          "schema_version": 0,
          "attributes": {
            "address_prefix": "10.0.2.0/24",
            "address_prefixes": [
              "10.0.2.0/24"
            ],
            "delegation": [],
            "enforce_private_link_endpoint_network_policies": false,
            "enforce_private_link_service_network_policies": false,
            "id": "/subscriptions/b5384b90-ddf7-4224-a01f-e032de7869ae/resourceGroups/mariadb_client-resources/providers/Microsoft.Network/virtualNetworks/mariadb_client-network/subnets/internal",
            "name": "internal",
            "resource_group_name": "mariadb_client-resources",
            "service_endpoints": [],
            "timeouts": null,
            "virtual_network_name": "mariadb_client-network"
          },
          "private": "eyJlMmJmYjczMC1lY2FhLTExZTYtOGY4OC0zNDM2M2JjN2M0YzAiOnsiY3JlYXRlIjoxODAwMDAwMDAwMDAwLCJkZWxldGUiOjE4MDAwMDAwMDAwMDAsInJlYWQiOjMwMDAwMDAwMDAwMCwidXBkYXRlIjoxODAwMDAwMDAwMDAwfX0=",
          "dependencies": [
            "azurerm_resource_group.mariadb_client",
            "azurerm_virtual_network.mariadb_client"
          ]
        }
      ]
    },
    {
      "mode": "managed",
      "type": "azurerm_virtual_network",
      "name": "mariadb_client",
      "provider": "provider[\"registry.terraform.io/hashicorp/azurerm\"]",
      "instances": [
        {
          "schema_version": 0,
          "attributes": {
            "address_space": [
              "10.0.0.0/16"
            ],
            "ddos_protection_plan": [],
            "dns_servers": [],
            "guid": "68b3781f-9b74-4aa4-b0f4-6a336f3387d2",
            "id": "/subscriptions/b5384b90-ddf7-4224-a01f-e032de7869ae/resourceGroups/mariadb_client-resources/providers/Microsoft.Network/virtualNetworks/mariadb_client-network",
            "location": "westeurope",
            "name": "mariadb_client-network",
            "resource_group_name": "mariadb_client-resources",
            "subnet": [
              {
                "address_prefix": "10.0.2.0/24",
                "id": "/subscriptions/b5384b90-ddf7-4224-a01f-e032de7869ae/resourceGroups/mariadb_client-resources/providers/Microsoft.Network/virtualNetworks/mariadb_client-network/subnets/internal",
                "name": "internal",
                "security_group": ""
              }
            ],
            "tags": {},
            "timeouts": null
          },
          "private": "eyJlMmJmYjczMC1lY2FhLTExZTYtOGY4OC0zNDM2M2JjN2M0YzAiOnsiY3JlYXRlIjoxODAwMDAwMDAwMDAwLCJkZWxldGUiOjE4MDAwMDAwMDAwMDAsInJlYWQiOjMwMDAwMDAwMDAwMCwidXBkYXRlIjoxODAwMDAwMDAwMDAwfX0=",
          "dependencies": [
            "azurerm_resource_group.mariadb_client"
          ]
        }
      ]
    }
  ]
}
