{
  "version": 4,
  "terraform_version": "0.13.0",
  "serial": 278,
  "lineage": "622d2731-c1ea-22be-d887-dd9cab04a099",
  "outputs": {
    "public_ip_address": {
      "value": [
        "13.69.52.217"
      ],
      "type": [
        "tuple",
        [
          "string"
        ]
      ]
    }
  },
  "resources": [
    {
      "mode": "data",
      "type": "azurerm_public_ip",
      "name": "mariadb_client_westeurope",
      "provider": "provider[\"registry.terraform.io/hashicorp/azurerm\"]",
      "instances": [
        {
          "index_key": 0,
          "schema_version": 0,
          "attributes": {
            "allocation_method": "Static",
            "domain_name_label": "",
            "fqdn": "",
            "id": "/subscriptions/b5384b90-ddf7-4224-a01f-e032de7869ae/resourceGroups/resource_group_westeurope/providers/Microsoft.Network/publicIPAddresses/mariadb_client_westeurope0-ip",
            "idle_timeout_in_minutes": 30,
            "ip_address": "13.69.52.217",
            "ip_version": "IPv4",
            "location": "westeurope",
            "name": "mariadb_client_westeurope0-ip",
            "resource_group_name": "resource_group_westeurope",
            "reverse_fqdn": "",
            "sku": "Basic",
            "tags": {},
            "timeouts": null,
            "zones": []
          }
        }
      ]
    },
    {
      "mode": "managed",
      "type": "azurerm_linux_virtual_machine",
      "name": "mariadb_client_northeurope",
      "provider": "provider[\"registry.terraform.io/hashicorp/azurerm\"]",
      "instances": [
        {
          "index_key": 0,
          "schema_version": 0,
          "attributes": {
            "additional_capabilities": [],
            "admin_password": null,
            "admin_ssh_key": [
              {
                "public_key": "ssh-rsa AAAAB3NzaC1yc2EAAAADAQABAAABAQD0s9U48MM3si7kQ+Rlp7CSuXmsn8GgaFr/WyVCeaXWEE3RZAQtyhflsFY8rr7KLuw97WG2zK4Iy5Kbj41KairfQ2qHbDY1P/jY19hT5fYOgxvXQF8/EgyuPCZyaPwHxmlCFOiDrEC0tQ6pyvDJtyKfpeOvM5D/bRZTXZTK6wqv3OzgLwJGtk97UWTBYrlZ0qHBlVko9Tf7SuohownodZtsSXykWIJlyV6fdhnS3/er2ueQcSoxxk3Lx4hanJPI37/oytTroeCalwef4iiebylfzM2o2Gh7wmYRPaApbfdaLNfCLVuZ1McrVWA8V6dGq5Q0Kc/8R/4lddSwqRu8TYtv epitech@Testarossa\n",
                "username": "epitech"
              }
            ],
            "admin_username": "epitech",
            "allow_extension_operations": true,
            "availability_set_id": "",
            "boot_diagnostics": [],
            "computer_name": "mariadb-client0-northeurope-cloud",
            "custom_data": null,
            "dedicated_host_id": "",
            "disable_password_authentication": true,
            "eviction_policy": "",
            "id": "/subscriptions/b5384b90-ddf7-4224-a01f-e032de7869ae/resourceGroups/resource_group_northeurope/providers/Microsoft.Compute/virtualMachines/mariadb-client0-northeurope-cloud",
            "identity": [],
            "location": "northeurope",
            "max_bid_price": -1,
            "name": "mariadb-client0-northeurope-cloud",
            "network_interface_ids": [
              "/subscriptions/b5384b90-ddf7-4224-a01f-e032de7869ae/resourceGroups/resource_group_northeurope/providers/Microsoft.Network/networkInterfaces/mariadb_client_northeurope0-nic"
            ],
            "os_disk": [
              {
                "caching": "ReadWrite",
                "diff_disk_settings": [],
                "disk_encryption_set_id": "",
                "disk_size_gb": 30,
                "name": "mariadb-client0-northeurope-cloud_OsDisk_1_375f9924a00a4cfaae51cc30e5c905e0",
                "storage_account_type": "Standard_LRS",
                "write_accelerator_enabled": false
              }
            ],
            "plan": [],
            "priority": "Regular",
            "private_ip_address": "10.0.2.4",
            "private_ip_addresses": [
              "10.0.2.4"
            ],
            "provision_vm_agent": true,
            "proximity_placement_group_id": "",
            "public_ip_address": "23.102.39.68",
            "public_ip_addresses": [
              "23.102.39.68"
            ],
            "resource_group_name": "resource_group_northeurope",
            "secret": [],
            "size": "Standard_B1ms",
            "source_image_id": "",
            "source_image_reference": [
              {
                "offer": "CentOS",
                "publisher": "OpenLogic",
                "sku": "7.6",
                "version": "latest"
              }
            ],
            "tags": null,
            "timeouts": null,
            "virtual_machine_id": "f1d3c3dd-d535-466c-8493-fe325d86138a",
            "virtual_machine_scale_set_id": "",
            "zone": ""
          },
          "private": "eyJlMmJmYjczMC1lY2FhLTExZTYtOGY4OC0zNDM2M2JjN2M0YzAiOnsiY3JlYXRlIjoyNzAwMDAwMDAwMDAwLCJkZWxldGUiOjI3MDAwMDAwMDAwMDAsInJlYWQiOjMwMDAwMDAwMDAwMCwidXBkYXRlIjoyNzAwMDAwMDAwMDAwfX0=",
          "dependencies": [
            "azurerm_network_interface.mariadb_client_northeurope",
            "azurerm_public_ip.mariadb_client_northeurope",
            "azurerm_resource_group.mariadb_client_northeurope",
            "azurerm_subnet.mariadb_client_northeurope",
            "azurerm_virtual_network.mariadb_client_northeurope"
          ]
        }
      ]
    },
    {
      "mode": "managed",
      "type": "azurerm_linux_virtual_machine",
      "name": "mariadb_client_westeurope",
      "provider": "provider[\"registry.terraform.io/hashicorp/azurerm\"]",
      "instances": [
        {
          "index_key": 0,
          "schema_version": 0,
          "attributes": {
            "additional_capabilities": [],
            "admin_password": null,
            "admin_ssh_key": [
              {
                "public_key": "ssh-rsa AAAAB3NzaC1yc2EAAAADAQABAAABAQD0s9U48MM3si7kQ+Rlp7CSuXmsn8GgaFr/WyVCeaXWEE3RZAQtyhflsFY8rr7KLuw97WG2zK4Iy5Kbj41KairfQ2qHbDY1P/jY19hT5fYOgxvXQF8/EgyuPCZyaPwHxmlCFOiDrEC0tQ6pyvDJtyKfpeOvM5D/bRZTXZTK6wqv3OzgLwJGtk97UWTBYrlZ0qHBlVko9Tf7SuohownodZtsSXykWIJlyV6fdhnS3/er2ueQcSoxxk3Lx4hanJPI37/oytTroeCalwef4iiebylfzM2o2Gh7wmYRPaApbfdaLNfCLVuZ1McrVWA8V6dGq5Q0Kc/8R/4lddSwqRu8TYtv epitech@Testarossa\n",
                "username": "epitech"
              }
            ],
            "admin_username": "epitech",
            "allow_extension_operations": true,
            "availability_set_id": "",
            "boot_diagnostics": [],
            "computer_name": "mariadb-client0-westeurope-cloud",
            "custom_data": null,
            "dedicated_host_id": "",
            "disable_password_authentication": true,
            "eviction_policy": "",
            "id": "/subscriptions/b5384b90-ddf7-4224-a01f-e032de7869ae/resourceGroups/resource_group_westeurope/providers/Microsoft.Compute/virtualMachines/mariadb-client0-westeurope-cloud",
            "identity": [],
            "location": "westeurope",
            "max_bid_price": -1,
            "name": "mariadb-client0-westeurope-cloud",
            "network_interface_ids": [
              "/subscriptions/b5384b90-ddf7-4224-a01f-e032de7869ae/resourceGroups/resource_group_westeurope/providers/Microsoft.Network/networkInterfaces/mariadb_client_westeurope0-nic"
            ],
            "os_disk": [
              {
                "caching": "ReadWrite",
                "diff_disk_settings": [],
                "disk_encryption_set_id": "",
                "disk_size_gb": 30,
                "name": "mariadb-client0-westeurope-cloud_OsDisk_1_ef6c4020b95b44e185a251b6eab0da7d",
                "storage_account_type": "Standard_LRS",
                "write_accelerator_enabled": false
              }
            ],
            "plan": [],
            "priority": "Regular",
            "private_ip_address": "10.0.2.4",
            "private_ip_addresses": [
              "10.0.2.4"
            ],
            "provision_vm_agent": true,
            "proximity_placement_group_id": "",
            "public_ip_address": "13.69.52.217",
            "public_ip_addresses": [
              "13.69.52.217"
            ],
            "resource_group_name": "resource_group_westeurope",
            "secret": [],
            "size": "Standard_B1ms",
            "source_image_id": "",
            "source_image_reference": [
              {
                "offer": "CentOS",
                "publisher": "OpenLogic",
                "sku": "7.6",
                "version": "latest"
              }
            ],
            "tags": {},
            "timeouts": null,
            "virtual_machine_id": "54f251ae-6cb9-46c6-817e-d34552ca76c5",
            "virtual_machine_scale_set_id": "",
            "zone": ""
          },
          "private": "eyJlMmJmYjczMC1lY2FhLTExZTYtOGY4OC0zNDM2M2JjN2M0YzAiOnsiY3JlYXRlIjoyNzAwMDAwMDAwMDAwLCJkZWxldGUiOjI3MDAwMDAwMDAwMDAsInJlYWQiOjMwMDAwMDAwMDAwMCwidXBkYXRlIjoyNzAwMDAwMDAwMDAwfX0=",
          "dependencies": [
            "azurerm_network_interface.mariadb_client_westeurope",
            "azurerm_public_ip.mariadb_client_westeurope",
            "azurerm_resource_group.mariadb_client_westeurope",
            "azurerm_subnet.mariadb_client_westeurope",
            "azurerm_virtual_network.mariadb_client_westeurope"
          ]
        }
      ]
    },
    {
      "mode": "managed",
      "type": "azurerm_network_interface",
      "name": "mariadb_client_northeurope",
      "provider": "provider[\"registry.terraform.io/hashicorp/azurerm\"]",
      "instances": [
        {
          "index_key": 0,
          "schema_version": 0,
          "attributes": {
            "applied_dns_servers": [],
            "dns_servers": [],
            "enable_accelerated_networking": false,
            "enable_ip_forwarding": false,
            "id": "/subscriptions/b5384b90-ddf7-4224-a01f-e032de7869ae/resourceGroups/resource_group_northeurope/providers/Microsoft.Network/networkInterfaces/mariadb_client_northeurope0-nic",
            "internal_dns_name_label": "",
            "internal_domain_name_suffix": "viu0nlzgobtunonu32cxm2ysub.fx.internal.cloudapp.net",
            "ip_configuration": [
              {
                "name": "internal",
                "primary": true,
                "private_ip_address": "10.0.2.4",
                "private_ip_address_allocation": "Dynamic",
                "private_ip_address_version": "IPv4",
                "public_ip_address_id": "/subscriptions/b5384b90-ddf7-4224-a01f-e032de7869ae/resourceGroups/resource_group_northeurope/providers/Microsoft.Network/publicIPAddresses/mariadb_client_northeurope0-ip",
                "subnet_id": "/subscriptions/b5384b90-ddf7-4224-a01f-e032de7869ae/resourceGroups/resource_group_northeurope/providers/Microsoft.Network/virtualNetworks/mariadb_client_northeurope-network/subnets/internal"
              }
            ],
            "location": "northeurope",
            "mac_address": "",
            "name": "mariadb_client_northeurope0-nic",
            "private_ip_address": "10.0.2.4",
            "private_ip_addresses": [
              "10.0.2.4"
            ],
            "resource_group_name": "resource_group_northeurope",
            "tags": null,
            "timeouts": null,
            "virtual_machine_id": ""
          },
          "private": "eyJlMmJmYjczMC1lY2FhLTExZTYtOGY4OC0zNDM2M2JjN2M0YzAiOnsiY3JlYXRlIjoxODAwMDAwMDAwMDAwLCJkZWxldGUiOjE4MDAwMDAwMDAwMDAsInJlYWQiOjMwMDAwMDAwMDAwMCwidXBkYXRlIjoxODAwMDAwMDAwMDAwfX0=",
          "dependencies": [
            "azurerm_public_ip.mariadb_client_northeurope",
            "azurerm_resource_group.mariadb_client_northeurope",
            "azurerm_subnet.mariadb_client_northeurope",
            "azurerm_virtual_network.mariadb_client_northeurope"
          ]
        }
      ]
    },
    {
      "mode": "managed",
      "type": "azurerm_network_interface",
      "name": "mariadb_client_westeurope",
      "provider": "provider[\"registry.terraform.io/hashicorp/azurerm\"]",
      "instances": [
        {
          "index_key": 0,
          "schema_version": 0,
          "attributes": {
            "applied_dns_servers": [],
            "dns_servers": [],
            "enable_accelerated_networking": false,
            "enable_ip_forwarding": false,
            "id": "/subscriptions/b5384b90-ddf7-4224-a01f-e032de7869ae/resourceGroups/resource_group_westeurope/providers/Microsoft.Network/networkInterfaces/mariadb_client_westeurope0-nic",
            "internal_dns_name_label": "",
            "internal_domain_name_suffix": "d0x2d0vzxovu1fp1mycoxin1nf.ax.internal.cloudapp.net",
            "ip_configuration": [
              {
                "name": "internal",
                "primary": true,
                "private_ip_address": "10.0.2.4",
                "private_ip_address_allocation": "Dynamic",
                "private_ip_address_version": "IPv4",
                "public_ip_address_id": "/subscriptions/b5384b90-ddf7-4224-a01f-e032de7869ae/resourceGroups/resource_group_westeurope/providers/Microsoft.Network/publicIPAddresses/mariadb_client_westeurope0-ip",
                "subnet_id": "/subscriptions/b5384b90-ddf7-4224-a01f-e032de7869ae/resourceGroups/resource_group_westeurope/providers/Microsoft.Network/virtualNetworks/mariadb_client_westeurope-network/subnets/internal"
              }
            ],
            "location": "westeurope",
            "mac_address": "00-0D-3A-BE-E6-19",
            "name": "mariadb_client_westeurope0-nic",
            "private_ip_address": "10.0.2.4",
            "private_ip_addresses": [
              "10.0.2.4"
            ],
            "resource_group_name": "resource_group_westeurope",
            "tags": {},
            "timeouts": null,
            "virtual_machine_id": "/subscriptions/b5384b90-ddf7-4224-a01f-e032de7869ae/resourceGroups/resource_group_westeurope/providers/Microsoft.Compute/virtualMachines/mariadb-client0-westeurope-cloud"
          },
          "private": "eyJlMmJmYjczMC1lY2FhLTExZTYtOGY4OC0zNDM2M2JjN2M0YzAiOnsiY3JlYXRlIjoxODAwMDAwMDAwMDAwLCJkZWxldGUiOjE4MDAwMDAwMDAwMDAsInJlYWQiOjMwMDAwMDAwMDAwMCwidXBkYXRlIjoxODAwMDAwMDAwMDAwfX0=",
          "dependencies": [
            "azurerm_public_ip.mariadb_client_westeurope",
            "azurerm_resource_group.mariadb_client_westeurope",
            "azurerm_subnet.mariadb_client_westeurope",
            "azurerm_virtual_network.mariadb_client_westeurope"
          ]
        }
      ]
    },
    {
      "mode": "managed",
      "type": "azurerm_public_ip",
      "name": "mariadb_client_northeurope",
      "provider": "provider[\"registry.terraform.io/hashicorp/azurerm\"]",
      "instances": [
        {
          "index_key": 0,
          "schema_version": 0,
          "attributes": {
            "allocation_method": "Static",
            "domain_name_label": null,
            "fqdn": null,
            "id": "/subscriptions/b5384b90-ddf7-4224-a01f-e032de7869ae/resourceGroups/resource_group_northeurope/providers/Microsoft.Network/publicIPAddresses/mariadb_client_northeurope0-ip",
            "idle_timeout_in_minutes": 30,
            "ip_address": "23.102.39.68",
            "ip_version": "IPv4",
            "location": "northeurope",
            "name": "mariadb_client_northeurope0-ip",
            "public_ip_prefix_id": null,
            "resource_group_name": "resource_group_northeurope",
            "reverse_fqdn": null,
            "sku": "Basic",
            "tags": null,
            "timeouts": null,
            "zones": null
          },
          "private": "eyJlMmJmYjczMC1lY2FhLTExZTYtOGY4OC0zNDM2M2JjN2M0YzAiOnsiY3JlYXRlIjoxODAwMDAwMDAwMDAwLCJkZWxldGUiOjE4MDAwMDAwMDAwMDAsInJlYWQiOjMwMDAwMDAwMDAwMCwidXBkYXRlIjoxODAwMDAwMDAwMDAwfX0=",
          "dependencies": [
            "azurerm_resource_group.mariadb_client_northeurope"
          ]
        }
      ]
    },
    {
      "mode": "managed",
      "type": "azurerm_public_ip",
      "name": "mariadb_client_westeurope",
      "provider": "provider[\"registry.terraform.io/hashicorp/azurerm\"]",
      "instances": [
        {
          "index_key": 0,
          "schema_version": 0,
          "attributes": {
            "allocation_method": "Static",
            "domain_name_label": null,
            "fqdn": null,
            "id": "/subscriptions/b5384b90-ddf7-4224-a01f-e032de7869ae/resourceGroups/resource_group_westeurope/providers/Microsoft.Network/publicIPAddresses/mariadb_client_westeurope0-ip",
            "idle_timeout_in_minutes": 30,
            "ip_address": "13.69.52.217",
            "ip_version": "IPv4",
            "location": "westeurope",
            "name": "mariadb_client_westeurope0-ip",
            "public_ip_prefix_id": null,
            "resource_group_name": "resource_group_westeurope",
            "reverse_fqdn": null,
            "sku": "Basic",
            "tags": {},
            "timeouts": null,
            "zones": []
          },
          "private": "eyJlMmJmYjczMC1lY2FhLTExZTYtOGY4OC0zNDM2M2JjN2M0YzAiOnsiY3JlYXRlIjoxODAwMDAwMDAwMDAwLCJkZWxldGUiOjE4MDAwMDAwMDAwMDAsInJlYWQiOjMwMDAwMDAwMDAwMCwidXBkYXRlIjoxODAwMDAwMDAwMDAwfX0=",
          "dependencies": [
            "azurerm_resource_group.mariadb_client_westeurope"
          ]
        }
      ]
    },
    {
      "mode": "managed",
      "type": "azurerm_resource_group",
      "name": "mariadb_client_northeurope",
      "provider": "provider[\"registry.terraform.io/hashicorp/azurerm\"]",
      "instances": [
        {
          "schema_version": 0,
          "attributes": {
            "id": "/subscriptions/b5384b90-ddf7-4224-a01f-e032de7869ae/resourceGroups/resource_group_northeurope",
            "location": "northeurope",
            "name": "resource_group_northeurope",
            "tags": null,
            "timeouts": null
          },
          "private": "eyJlMmJmYjczMC1lY2FhLTExZTYtOGY4OC0zNDM2M2JjN2M0YzAiOnsiY3JlYXRlIjo1NDAwMDAwMDAwMDAwLCJkZWxldGUiOjU0MDAwMDAwMDAwMDAsInJlYWQiOjMwMDAwMDAwMDAwMCwidXBkYXRlIjo1NDAwMDAwMDAwMDAwfX0="
        }
      ]
    },
    {
      "mode": "managed",
      "type": "azurerm_resource_group",
      "name": "mariadb_client_westeurope",
      "provider": "provider[\"registry.terraform.io/hashicorp/azurerm\"]",
      "instances": [
        {
          "schema_version": 0,
          "attributes": {
            "id": "/subscriptions/b5384b90-ddf7-4224-a01f-e032de7869ae/resourceGroups/resource_group_westeurope",
            "location": "westeurope",
            "name": "resource_group_westeurope",
            "tags": {},
            "timeouts": null
          },
          "private": "eyJlMmJmYjczMC1lY2FhLTExZTYtOGY4OC0zNDM2M2JjN2M0YzAiOnsiY3JlYXRlIjo1NDAwMDAwMDAwMDAwLCJkZWxldGUiOjU0MDAwMDAwMDAwMDAsInJlYWQiOjMwMDAwMDAwMDAwMCwidXBkYXRlIjo1NDAwMDAwMDAwMDAwfX0="
        }
      ]
    },
    {
      "mode": "managed",
      "type": "azurerm_subnet",
      "name": "mariadb_client_northeurope",
      "provider": "provider[\"registry.terraform.io/hashicorp/azurerm\"]",
      "instances": [
        {
          "schema_version": 0,
          "attributes": {
            "address_prefix": "10.0.2.0/24",
            "address_prefixes": [
              "10.0.2.0/24"
            ],
            "delegation": [],
            "enforce_private_link_endpoint_network_policies": false,
            "enforce_private_link_service_network_policies": false,
            "id": "/subscriptions/b5384b90-ddf7-4224-a01f-e032de7869ae/resourceGroups/resource_group_northeurope/providers/Microsoft.Network/virtualNetworks/mariadb_client_northeurope-network/subnets/internal",
            "name": "internal",
            "resource_group_name": "resource_group_northeurope",
            "service_endpoints": null,
            "timeouts": null,
            "virtual_network_name": "mariadb_client_northeurope-network"
          },
          "private": "eyJlMmJmYjczMC1lY2FhLTExZTYtOGY4OC0zNDM2M2JjN2M0YzAiOnsiY3JlYXRlIjoxODAwMDAwMDAwMDAwLCJkZWxldGUiOjE4MDAwMDAwMDAwMDAsInJlYWQiOjMwMDAwMDAwMDAwMCwidXBkYXRlIjoxODAwMDAwMDAwMDAwfX0=",
          "dependencies": [
            "azurerm_resource_group.mariadb_client_northeurope",
            "azurerm_virtual_network.mariadb_client_northeurope"
          ]
        }
      ]
    },
    {
      "mode": "managed",
      "type": "azurerm_subnet",
      "name": "mariadb_client_westeurope",
      "provider": "provider[\"registry.terraform.io/hashicorp/azurerm\"]",
      "instances": [
        {
          "schema_version": 0,
          "attributes": {
            "address_prefix": "10.0.2.0/24",
            "address_prefixes": [
              "10.0.2.0/24"
            ],
            "delegation": [],
            "enforce_private_link_endpoint_network_policies": false,
            "enforce_private_link_service_network_policies": false,
            "id": "/subscriptions/b5384b90-ddf7-4224-a01f-e032de7869ae/resourceGroups/resource_group_westeurope/providers/Microsoft.Network/virtualNetworks/mariadb_client_westeurope-network/subnets/internal",
            "name": "internal",
            "resource_group_name": "resource_group_westeurope",
            "service_endpoints": [],
            "timeouts": null,
            "virtual_network_name": "mariadb_client_westeurope-network"
          },
          "private": "eyJlMmJmYjczMC1lY2FhLTExZTYtOGY4OC0zNDM2M2JjN2M0YzAiOnsiY3JlYXRlIjoxODAwMDAwMDAwMDAwLCJkZWxldGUiOjE4MDAwMDAwMDAwMDAsInJlYWQiOjMwMDAwMDAwMDAwMCwidXBkYXRlIjoxODAwMDAwMDAwMDAwfX0=",
          "dependencies": [
            "azurerm_resource_group.mariadb_client_westeurope",
            "azurerm_virtual_network.mariadb_client_westeurope"
          ]
        }
      ]
    },
    {
      "mode": "managed",
      "type": "azurerm_virtual_network",
      "name": "mariadb_client_northeurope",
      "provider": "provider[\"registry.terraform.io/hashicorp/azurerm\"]",
      "instances": [
        {
          "schema_version": 0,
          "attributes": {
            "address_space": [
              "10.0.0.0/16"
            ],
            "ddos_protection_plan": [],
            "dns_servers": null,
            "guid": "afa629aa-7026-4667-b9b4-ef05767312a1",
            "id": "/subscriptions/b5384b90-ddf7-4224-a01f-e032de7869ae/resourceGroups/resource_group_northeurope/providers/Microsoft.Network/virtualNetworks/mariadb_client_northeurope-network",
            "location": "northeurope",
            "name": "mariadb_client_northeurope-network",
            "resource_group_name": "resource_group_northeurope",
            "subnet": [],
            "tags": null,
            "timeouts": null
          },
          "private": "eyJlMmJmYjczMC1lY2FhLTExZTYtOGY4OC0zNDM2M2JjN2M0YzAiOnsiY3JlYXRlIjoxODAwMDAwMDAwMDAwLCJkZWxldGUiOjE4MDAwMDAwMDAwMDAsInJlYWQiOjMwMDAwMDAwMDAwMCwidXBkYXRlIjoxODAwMDAwMDAwMDAwfX0=",
          "dependencies": [
            "azurerm_resource_group.mariadb_client_northeurope"
          ]
        }
      ]
    },
    {
      "mode": "managed",
      "type": "azurerm_virtual_network",
      "name": "mariadb_client_westeurope",
      "provider": "provider[\"registry.terraform.io/hashicorp/azurerm\"]",
      "instances": [
        {
          "schema_version": 0,
          "attributes": {
            "address_space": [
              "10.0.0.0/16"
            ],
            "ddos_protection_plan": [],
            "dns_servers": [],
            "guid": "eac1af1e-bbb9-4dab-95fb-6604eba1bb6d",
            "id": "/subscriptions/b5384b90-ddf7-4224-a01f-e032de7869ae/resourceGroups/resource_group_westeurope/providers/Microsoft.Network/virtualNetworks/mariadb_client_westeurope-network",
            "location": "westeurope",
            "name": "mariadb_client_westeurope-network",
            "resource_group_name": "resource_group_westeurope",
            "subnet": [
              {
                "address_prefix": "10.0.2.0/24",
                "id": "/subscriptions/b5384b90-ddf7-4224-a01f-e032de7869ae/resourceGroups/resource_group_westeurope/providers/Microsoft.Network/virtualNetworks/mariadb_client_westeurope-network/subnets/internal",
                "name": "internal",
                "security_group": ""
              }
            ],
            "tags": {},
            "timeouts": null
          },
          "private": "eyJlMmJmYjczMC1lY2FhLTExZTYtOGY4OC0zNDM2M2JjN2M0YzAiOnsiY3JlYXRlIjoxODAwMDAwMDAwMDAwLCJkZWxldGUiOjE4MDAwMDAwMDAwMDAsInJlYWQiOjMwMDAwMDAwMDAwMCwidXBkYXRlIjoxODAwMDAwMDAwMDAwfX0=",
          "dependencies": [
            "azurerm_resource_group.mariadb_client_westeurope"
          ]
        }
      ]
    }
  ]
}
